
Microsoft Visual Studio Solution File, Format Version 12.00
# Visual Studio Version 17
VisualStudioVersion = 17.11.35327.3
MinimumVisualStudioVersion = 10.0.40219.1
Project("{9A19103F-16F7-4668-BE54-9A1E7A4F7556}") = "GMYEL8_HSZF_2024251.Console", "GMYEL8_HSZF_2024251.Console\GMYEL8_HSZF_2024251.Console.csproj", "{57525F52-2441-470E-AC38-03C239CD7DA5}"
EndProject
Project("{9A19103F-16F7-4668-BE54-9A1E7A4F7556}") = "GMYEL8_HSZF_2024251.Application", "GMYEL8_HSZF_2024251.Application\GMYEL8_HSZF_2024251.Application.csproj", "{EEBDEE71-551C-4A58-AA95-D2DAC0FFA3FD}"
EndProject
Project("{9A19103F-16F7-4668-BE54-9A1E7A4F7556}") = "GMYEL8_HSZF_2024251.Model", "GMYEL8_HSZF_2024251.Model\GMYEL8_HSZF_2024251.Model.csproj", "{CC72F4AE-94D8-47B8-A534-09DCF9A98200}"
EndProject
Project("{9A19103F-16F7-4668-BE54-9A1E7A4F7556}") = "GMYEL8_HSZF_2024251.Persistence.MsSql", "GMYEL8_HSZF_2024251.Persistence.MsSql\GMYEL8_HSZF_2024251.Persistence.MsSql.csproj", "{0481CAC0-05FB-431D-AF85-7765450493D1}"
EndProject
Project("{9A19103F-16F7-4668-BE54-9A1E7A4F7556}") = "GMYEL8_HSZF_2024251.Test", "GMYEL8_HSZF_2024251.Test\GMYEL8_HSZF_2024251.Test.csproj", "{186ED8F2-E28C-4A3A-ADA7-009A4CDC595E}"
EndProject
Project("{2150E333-8FDC-42A3-9474-1A3956D46DE8}") = "Application", "Application", "{592E50BC-2F06-4C70-BA3A-F8D20F442E0D}"
EndProject
Project("{2150E333-8FDC-42A3-9474-1A3956D46DE8}") = "Domain", "Domain", "{E992266A-5BF3-4ABC-A60F-49E6C7C4353E}"
EndProject
Project("{2150E333-8FDC-42A3-9474-1A3956D46DE8}") = "Infrastructure", "Infrastructure", "{2231474E-4710-46A5-9AF5-9B602BBDDA6B}"
EndProject
Project("{2150E333-8FDC-42A3-9474-1A3956D46DE8}") = "Presentation", "Presentation", "{24759FB5-1D1C-4989-A8CA-A126F8D545B0}"
EndProject
Project("{2150E333-8FDC-42A3-9474-1A3956D46DE8}") = "Tests", "Tests", "{3751844C-7E5E-48FA-96A4-876EAA2B4A1B}"
EndProject
Project("{2150E333-8FDC-42A3-9474-1A3956D46DE8}") = "Solution Items", "Solution Items", "{46F33B01-CFFD-46D1-B648-5F44F5235583}"
	ProjectSection(SolutionItems) = preProject
		.editorconfig = .editorconfig
	EndProjectSection
EndProject
Global
	GlobalSection(SolutionConfigurationPlatforms) = preSolution
		Debug|Any CPU = Debug|Any CPU
		Release|Any CPU = Release|Any CPU
	EndGlobalSection
	GlobalSection(ProjectConfigurationPlatforms) = postSolution
		{57525F52-2441-470E-AC38-03C239CD7DA5}.Debug|Any CPU.ActiveCfg = Debug|Any CPU
		{57525F52-2441-470E-AC38-03C239CD7DA5}.Debug|Any CPU.Build.0 = Debug|Any CPU
		{57525F52-2441-470E-AC38-03C239CD7DA5}.Release|Any CPU.ActiveCfg = Release|Any CPU
		{57525F52-2441-470E-AC38-03C239CD7DA5}.Release|Any CPU.Build.0 = Release|Any CPU
		{EEBDEE71-551C-4A58-AA95-D2DAC0FFA3FD}.Debug|Any CPU.ActiveCfg = Debug|Any CPU
		{EEBDEE71-551C-4A58-AA95-D2DAC0FFA3FD}.Debug|Any CPU.Build.0 = Debug|Any CPU
		{EEBDEE71-551C-4A58-AA95-D2DAC0FFA3FD}.Release|Any CPU.ActiveCfg = Release|Any CPU
		{EEBDEE71-551C-4A58-AA95-D2DAC0FFA3FD}.Release|Any CPU.Build.0 = Release|Any CPU
		{CC72F4AE-94D8-47B8-A534-09DCF9A98200}.Debug|Any CPU.ActiveCfg = Debug|Any CPU
		{CC72F4AE-94D8-47B8-A534-09DCF9A98200}.Debug|Any CPU.Build.0 = Debug|Any CPU
		{CC72F4AE-94D8-47B8-A534-09DCF9A98200}.Release|Any CPU.ActiveCfg = Release|Any CPU
		{CC72F4AE-94D8-47B8-A534-09DCF9A98200}.Release|Any CPU.Build.0 = Release|Any CPU
		{0481CAC0-05FB-431D-AF85-7765450493D1}.Debug|Any CPU.ActiveCfg = Debug|Any CPU
		{0481CAC0-05FB-431D-AF85-7765450493D1}.Debug|Any CPU.Build.0 = Debug|Any CPU
		{0481CAC0-05FB-431D-AF85-7765450493D1}.Release|Any CPU.ActiveCfg = Release|Any CPU
		{0481CAC0-05FB-431D-AF85-7765450493D1}.Release|Any CPU.Build.0 = Release|Any CPU
		{186ED8F2-E28C-4A3A-ADA7-009A4CDC595E}.Debug|Any CPU.ActiveCfg = Debug|Any CPU
		{186ED8F2-E28C-4A3A-ADA7-009A4CDC595E}.Debug|Any CPU.Build.0 = Debug|Any CPU
		{186ED8F2-E28C-4A3A-ADA7-009A4CDC595E}.Release|Any CPU.ActiveCfg = Release|Any CPU
		{186ED8F2-E28C-4A3A-ADA7-009A4CDC595E}.Release|Any CPU.Build.0 = Release|Any CPU
	EndGlobalSection
	GlobalSection(SolutionProperties) = preSolution
		HideSolutionNode = FALSE
	EndGlobalSection
	GlobalSection(NestedProjects) = preSolution
		{57525F52-2441-470E-AC38-03C239CD7DA5} = {24759FB5-1D1C-4989-A8CA-A126F8D545B0}
		{EEBDEE71-551C-4A58-AA95-D2DAC0FFA3FD} = {592E50BC-2F06-4C70-BA3A-F8D20F442E0D}
		{CC72F4AE-94D8-47B8-A534-09DCF9A98200} = {E992266A-5BF3-4ABC-A60F-49E6C7C4353E}
		{0481CAC0-05FB-431D-AF85-7765450493D1} = {2231474E-4710-46A5-9AF5-9B602BBDDA6B}
		{186ED8F2-E28C-4A3A-ADA7-009A4CDC595E} = {3751844C-7E5E-48FA-96A4-876EAA2B4A1B}
	EndGlobalSection
	GlobalSection(ExtensibilityGlobals) = postSolution
		SolutionGuid = {D55F662A-C29D-4D3C-9643-83EF9EABED9E}
	EndGlobalSection
EndGlobal
